<?xml version="1.0" encoding="utf-8"?>
<Project ToolsVersion="4.0" xmlns="http://schemas.microsoft.com/developer/msbuild/2003">
  <ItemGroup>
    <Filter Include="源文件">
      <UniqueIdentifier>{4FC737F1-C7A5-4376-A066-2A32D752A2FF}</UniqueIdentifier>
      <Extensions>cpp;c;cc;cxx;def;odl;idl;hpj;bat;asm;asmx</Extensions>
    </Filter>
    <Filter Include="头文件">
      <UniqueIdentifier>{93995380-89BD-4b04-88EB-625FBE52EBFB}</UniqueIdentifier>
      <Extensions>h;hh;hpp;hxx;hm;inl;inc;ipp;xsd</Extensions>
    </Filter>
    <Filter Include="资源文件">
      <UniqueIdentifier>{67DA6AB6-F800-4c08-8B7A-83BB121AAD01}</UniqueIdentifier>
      <Extensions>rc;ico;cur;bmp;dlg;rc2;rct;bin;rgs;gif;jpg;jpeg;jpe;resx;tiff;tif;png;wav;mfcribbon-ms</Extensions>
    </Filter>
  </ItemGroup>
  <ItemGroup>
    <ClCompile Include="if\if.cpp">
      <Filter>源文件</Filter>
    </ClCompile>
    <ClCompile Include="if\if_2.cpp">
      <Filter>源文件</Filter>
    </ClCompile>
    <ClCompile Include="指针\Pointer.cpp">
      <Filter>源文件</Filter>
    </ClCompile>
    <ClCompile Include="指针\Pointer_2.cpp">
      <Filter>源文件</Filter>
    </ClCompile>
    <ClCompile Include="指针\Pointer_3.cpp">
      <Filter>源文件</Filter>
    </ClCompile>
    <ClCompile Include="指针\Pointer_4.cpp">
      <Filter>源文件</Filter>
    </ClCompile>
    <ClCompile Include="指针\Pointer_5.cpp">
      <Filter>源文件</Filter>
    </ClCompile>
    <ClCompile Include="指针\Pointer_6.cpp">
      <Filter>源文件</Filter>
    </ClCompile>
    <ClCompile Include="指针\Pointer_7.cpp">
      <Filter>源文件</Filter>
    </ClCompile>
    <ClCompile Include="枚举\enum.cpp">
      <Filter>源文件</Filter>
    </ClCompile>
    <ClCompile Include="动态内存分配\malloc.cpp">
      <Filter>源文件</Filter>
    </ClCompile>
    <ClCompile Include="动态内存分配\malloc_2.cpp">
      <Filter>源文件</Filter>
    </ClCompile>
    <ClCompile Include="结构体\struct.cpp">
      <Filter>源文件</Filter>
    </ClCompile>
    <ClCompile Include="结构体\struct_2.cpp">
      <Filter>源文件</Filter>
    </ClCompile>
    <ClCompile Include="结构体\struct_3.cpp">
      <Filter>源文件</Filter>
    </ClCompile>
    <ClCompile Include="结构体\struct_4.cpp">
      <Filter>源文件</Filter>
    </ClCompile>
    <ClCompile Include="输入输出\printf.cpp">
      <Filter>源文件</Filter>
    </ClCompile>
    <ClCompile Include="输入输出\scanf.cpp">
      <Filter>源文件</Filter>
    </ClCompile>
    <ClCompile Include="结构体\struct_5.cpp">
      <Filter>源文件</Filter>
    </ClCompile>
    <ClCompile Include="输入输出\cout_and_cin(c++).cpp">
      <Filter>源文件</Filter>
    </ClCompile>
    <ClCompile Include="结构体\struct_case1.cpp">
      <Filter>源文件</Filter>
    </ClCompile>
    <ClCompile Include="if\study.cpp">
      <Filter>源文件</Filter>
    </ClCompile>
    <ClCompile Include="动态内存分配\new.cpp">
      <Filter>源文件</Filter>
    </ClCompile>
    <ClCompile Include="引用\Reference.cpp">
      <Filter>源文件</Filter>
    </ClCompile>
    <ClCompile Include="引用\Reference_2.cpp">
      <Filter>源文件</Filter>
    </ClCompile>
    <ClCompile Include="引用\Reference_3.cpp">
      <Filter>源文件</Filter>
    </ClCompile>
    <ClCompile Include="指针\Pointer_8.cpp">
      <Filter>源文件</Filter>
    </ClCompile>
    <ClCompile Include="指针\Pointer_9.cpp">
      <Filter>源文件</Filter>
    </ClCompile>
    <ClCompile Include="函数重载\overloaded function.cpp">
      <Filter>源文件</Filter>
    </ClCompile>
    <ClCompile Include="类\Class_封装_1.cpp">
      <Filter>源文件</Filter>
    </ClCompile>
    <ClCompile Include="类\Class_封装_2.cpp">
      <Filter>源文件</Filter>
    </ClCompile>
    <ClCompile Include="类\Class_封装_3.cpp">
      <Filter>源文件</Filter>
    </ClCompile>
    <ClCompile Include="类\Class_对象特性_this_8.cpp">
      <Filter>源文件</Filter>
    </ClCompile>
    <ClCompile Include="类\Class_对象特性_初始化列表_6.cpp">
      <Filter>源文件</Filter>
    </ClCompile>
    <ClCompile Include="类\Class_对象特性_构造和析构_4.cpp">
      <Filter>源文件</Filter>
    </ClCompile>
    <ClCompile Include="类\Class_对象特性_静态成员变量和方法_7.cpp">
      <Filter>源文件</Filter>
    </ClCompile>
    <ClCompile Include="类\Class_对象特性_深拷贝与浅拷贝_5.cpp">
      <Filter>源文件</Filter>
    </ClCompile>
    <ClCompile Include="类\Class_对象特性_常对象和常函数_9.cpp">
      <Filter>源文件</Filter>
    </ClCompile>
    <ClCompile Include="类\Class_友元_1.cpp">
      <Filter>源文件</Filter>
    </ClCompile>
    <ClCompile Include="类\Class_友元_2.cpp">
      <Filter>源文件</Filter>
    </ClCompile>
    <ClCompile Include="类\Class_运算符重载_加号.cpp">
      <Filter>源文件</Filter>
    </ClCompile>
    <ClCompile Include="类\Class_运算符重载_左移运算符.cpp">
      <Filter>源文件</Filter>
    </ClCompile>
    <ClCompile Include="类\Class_运算符重载_递增运算符.cpp">
      <Filter>源文件</Filter>
    </ClCompile>
    <ClCompile Include="类\Class_运算符重载_赋值运算符.cpp">
      <Filter>源文件</Filter>
    </ClCompile>
    <ClCompile Include="类\Class_运算符重载_关系运算符.cpp">
      <Filter>源文件</Filter>
    </ClCompile>
    <ClCompile Include="类\Class_运算符重载_函数调用运算符.cpp">
      <Filter>源文件</Filter>
    </ClCompile>
    <ClCompile Include="类\Class_继承_继承中的对象模型.cpp">
      <Filter>源文件</Filter>
    </ClCompile>
    <ClCompile Include="类\Class_继承_子类父类构造函数的顺序.cpp">
      <Filter>源文件</Filter>
    </ClCompile>
    <ClCompile Include="类\Class_继承_同名成员处理.cpp">
      <Filter>源文件</Filter>
    </ClCompile>
    <ClCompile Include="类\Class_继承_多继承.cpp">
      <Filter>源文件</Filter>
    </ClCompile>
    <ClCompile Include="类\Class_继承_菱形继承.cpp">
      <Filter>源文件</Filter>
    </ClCompile>
    <ClCompile Include="类\Class_多态_1基本语法.cpp">
      <Filter>源文件</Filter>
    </ClCompile>
    <ClCompile Include="类\Class_多态_2计算器案例.cpp">
      <Filter>源文件</Filter>
    </ClCompile>
    <ClCompile Include="类\Class_多态_3纯虚函数和抽象类.cpp">
      <Filter>源文件</Filter>
    </ClCompile>
    <ClCompile Include="类\Class_多态_4制作饮品案例.cpp">
      <Filter>源文件</Filter>
    </ClCompile>
    <ClCompile Include="类\Class_多态_5虚析构和纯虚析构.cpp">
      <Filter>源文件</Filter>
    </ClCompile>
    <ClCompile Include="类\Class_多态_6电脑组装案例%28未知bug%29.cpp">
      <Filter>源文件</Filter>
    </ClCompile>
    <ClCompile Include="类\Class_多态_6电脑组装案例.cpp">
      <Filter>源文件</Filter>
    </ClCompile>
    <ClCompile Include="文件操作\写入文本文件.cpp">
      <Filter>源文件</Filter>
    </ClCompile>
    <ClCompile Include="文件操作\读取文本文件.cpp">
      <Filter>源文件</Filter>
    </ClCompile>
    <ClCompile Include="文件操作\二进制写文件.cpp">
      <Filter>源文件</Filter>
    </ClCompile>
    <ClCompile Include="模板\function模板.cpp">
      <Filter>源文件</Filter>
    </ClCompile>
    <ClCompile Include="模板\function模板案例1.cpp">
      <Filter>源文件</Filter>
    </ClCompile>
    <ClCompile Include="模板\普通函数和函数模板调用规则.cpp">
      <Filter>源文件</Filter>
    </ClCompile>
    <ClCompile Include="模板\function模板的局限性.cpp">
      <Filter>源文件</Filter>
    </ClCompile>
    <ClCompile Include="结构体\struct_1.5.cpp">
      <Filter>源文件</Filter>
    </ClCompile>
    <ClCompile Include="链表\linkedList_1.cpp">
      <Filter>源文件</Filter>
    </ClCompile>
  </ItemGroup>
  <ItemGroup>
    <None Include="cpp.hint" />
  </ItemGroup>
  <ItemGroup>
    <Text Include="类\Class和struct区别.txt" />
    <Text Include="类\继承的基础语法.txt" />
    <Text Include="模板\函数模板和函数的区别.txt" />
  </ItemGroup>
</Project>